
Microsoft Visual Studio Solution File, Format Version 12.00
# Visual Studio Version 17
VisualStudioVersion = 17.7.34018.315
MinimumVisualStudioVersion = 10.0.40219.1
Project("{FAE04EC0-301F-11D3-BF4B-00C04F79EFBC}") = "tarea programacion", "tarea programacion.csproj", "{53501A12-22B5-46F8-9BFE-D5A945AF914D}"
EndProject
Global
	GlobalSection(SolutionConfigurationPlatforms) = preSolution
		Debug|Any CPU = Debug|Any CPU
		Release|Any CPU = Release|Any CPU
	EndGlobalSection
	GlobalSection(ProjectConfigurationPlatforms) = postSolution
		{53501A12-22B5-46F8-9BFE-D5A945AF914D}.Debug|Any CPU.ActiveCfg = Debug|Any CPU
		{53501A12-22B5-46F8-9BFE-D5A945AF914D}.Debug|Any CPU.Build.0 = Debug|Any CPU
		{53501A12-22B5-46F8-9BFE-D5A945AF914D}.Release|Any CPU.ActiveCfg = Release|Any CPU
		{53501A12-22B5-46F8-9BFE-D5A945AF914D}.Release|Any CPU.Build.0 = Release|Any CPU
	EndGlobalSection
	GlobalSection(SolutionProperties) = preSolution
		HideSolutionNode = FALSE
	EndGlobalSection
	GlobalSection(ExtensibilityGlobals) = postSolution
		SolutionGuid = {44017D85-E672-4B18-823A-5C1847AC8205}
	EndGlobalSection
EndGlobal
